
Microsoft Visual Studio Solution File, Format Version 12.00
# Visual Studio Version 16
VisualStudioVersion = 16.0.30523.141
MinimumVisualStudioVersion = 10.0.40219.1
Project("{FAE04EC0-301F-11D3-BF4B-00C04F79EFBC}") = "WebApplication1", "WebApplication1\WebApplication1.csproj", "{6430D522-C960-4F05-AD08-1C005F8C42FA}"
EndProject
Global
	GlobalSection(SolutionConfigurationPlatforms) = preSolution
		Debug|Any CPU = Debug|Any CPU
		Release|Any CPU = Release|Any CPU
	EndGlobalSection
	GlobalSection(ProjectConfigurationPlatforms) = postSolution
		{6430D522-C960-4F05-AD08-1C005F8C42FA}.Debug|Any CPU.ActiveCfg = Debug|Any CPU
		{6430D522-C960-4F05-AD08-1C005F8C42FA}.Debug|Any CPU.Build.0 = Debug|Any CPU
		{6430D522-C960-4F05-AD08-1C005F8C42FA}.Release|Any CPU.ActiveCfg = Release|Any CPU
		{6430D522-C960-4F05-AD08-1C005F8C42FA}.Release|Any CPU.Build.0 = Release|Any CPU
	EndGlobalSection
	GlobalSection(SolutionProperties) = preSolution
		HideSolutionNode = FALSE
	EndGlobalSection
	GlobalSection(ExtensibilityGlobals) = postSolution
		SolutionGuid = {8749617E-9926-4450-912D-974C32BFFFF4}
	EndGlobalSection
EndGlobal
